# THIS IS AN AUTOGENERATED FILE. DO NOT EDIT THIS FILE DIRECTLY.
# yarn lockfile v1


"@cocos/creator-types@*":
  version "3.8.5"
  resolved "http://npm.dui88.com:80/@cocos%2fcreator-types/-/creator-types-3.8.5.tgz#caa29b9c9195cc6e99252431cd514237dbed1d3c"
  integrity sha512-ZKBYAYMlBC1Ucb5glgr670/oWEP6sMmErDDCJt4nAhY9551lXmH3XYEv3HDpv1f0FvGKz2C4n0yMInNSQUbUNw==
